
Microsoft Visual Studio Solution File, Format Version 12.00
# Visual Studio Version 16
VisualStudioVersion = 16.0.32901.82
MinimumVisualStudioVersion = 10.0.40219.1
Project("{FAE04EC0-301F-11D3-BF4B-00C04F79EFBC}") = "applove", "applove\applove.csproj", "{78765B5D-2EC6-42BB-BD76-CE4C00058335}"
EndProject
Global
	GlobalSection(SolutionConfigurationPlatforms) = preSolution
		Debug|Any CPU = Debug|Any CPU
		Release|Any CPU = Release|Any CPU
	EndGlobalSection
	GlobalSection(ProjectConfigurationPlatforms) = postSolution
		{78765B5D-2EC6-42BB-BD76-CE4C00058335}.Debug|Any CPU.ActiveCfg = Debug|Any CPU
		{78765B5D-2EC6-42BB-BD76-CE4C00058335}.Debug|Any CPU.Build.0 = Debug|Any CPU
		{78765B5D-2EC6-42BB-BD76-CE4C00058335}.Release|Any CPU.ActiveCfg = Release|Any CPU
		{78765B5D-2EC6-42BB-BD76-CE4C00058335}.Release|Any CPU.Build.0 = Release|Any CPU
	EndGlobalSection
	GlobalSection(SolutionProperties) = preSolution
		HideSolutionNode = FALSE
	EndGlobalSection
	GlobalSection(ExtensibilityGlobals) = postSolution
		SolutionGuid = {A914D20E-E658-424C-82A3-B975F86CC5C5}
	EndGlobalSection
EndGlobal
